
Microsoft Visual Studio Solution File, Format Version 12.00
# Visual Studio 2012
Project("{FAE04EC0-301F-11D3-BF4B-00C04F79EFBC}") = "ReflectionOnlyLoadInDifferentAppdomain", "ReflectionOnlyLoadInDifferentAppdomain\ReflectionOnlyLoadInDifferentAppdomain.csproj", "{89D549B6-2455-4644-A7A5-6CE356DADAF4}"
EndProject
Global
	GlobalSection(SolutionConfigurationPlatforms) = preSolution
		Debug|Any CPU = Debug|Any CPU
		Release|Any CPU = Release|Any CPU
	EndGlobalSection
	GlobalSection(ProjectConfigurationPlatforms) = postSolution
		{89D549B6-2455-4644-A7A5-6CE356DADAF4}.Debug|Any CPU.ActiveCfg = Debug|Any CPU
		{89D549B6-2455-4644-A7A5-6CE356DADAF4}.Debug|Any CPU.Build.0 = Debug|Any CPU
		{89D549B6-2455-4644-A7A5-6CE356DADAF4}.Release|Any CPU.ActiveCfg = Release|Any CPU
		{89D549B6-2455-4644-A7A5-6CE356DADAF4}.Release|Any CPU.Build.0 = Release|Any CPU
	EndGlobalSection
	GlobalSection(SolutionProperties) = preSolution
		HideSolutionNode = FALSE
	EndGlobalSection
EndGlobal
